
Microsoft Visual Studio Solution File, Format Version 12.00
# Visual Studio Version 17
VisualStudioVersion = 17.5.33502.453
MinimumVisualStudioVersion = 10.0.40219.1
Project("{9A19103F-16F7-4668-BE54-9A1E7A4F7556}") = "BulkyWeb", "BulkyWeb\BulkyWeb.csproj", "{A4101C3B-CEDE-4B78-BE53-AE91529E1A13}"
EndProject
Project("{FAE04EC0-301F-11D3-BF4B-00C04F79EFBC}") = "Bulky.DataAccess", "Bulky.DataAccess\Bulky.DataAccess.csproj", "{5C975313-564F-45B7-9223-D59F24CDC8A9}"
EndProject
Project("{FAE04EC0-301F-11D3-BF4B-00C04F79EFBC}") = "Bulky.Models", "Bulky.Models\Bulky.Models.csproj", "{C5AB64F8-0132-4449-982D-EA7EAAEDC3FE}"
EndProject
Project("{FAE04EC0-301F-11D3-BF4B-00C04F79EFBC}") = "Bulky.Utility", "Bulky.Utility\Bulky.Utility.csproj", "{C67EB991-2C57-4A61-BB9A-6BA8F9A1020D}"
EndProject
Global
	GlobalSection(SolutionConfigurationPlatforms) = preSolution
		Debug|Any CPU = Debug|Any CPU
		Release|Any CPU = Release|Any CPU
	EndGlobalSection
	GlobalSection(ProjectConfigurationPlatforms) = postSolution
		{A4101C3B-CEDE-4B78-BE53-AE91529E1A13}.Debug|Any CPU.ActiveCfg = Debug|Any CPU
		{A4101C3B-CEDE-4B78-BE53-AE91529E1A13}.Debug|Any CPU.Build.0 = Debug|Any CPU
		{A4101C3B-CEDE-4B78-BE53-AE91529E1A13}.Release|Any CPU.ActiveCfg = Release|Any CPU
		{A4101C3B-CEDE-4B78-BE53-AE91529E1A13}.Release|Any CPU.Build.0 = Release|Any CPU
		{5C975313-564F-45B7-9223-D59F24CDC8A9}.Debug|Any CPU.ActiveCfg = Debug|Any CPU
		{5C975313-564F-45B7-9223-D59F24CDC8A9}.Debug|Any CPU.Build.0 = Debug|Any CPU
		{5C975313-564F-45B7-9223-D59F24CDC8A9}.Release|Any CPU.ActiveCfg = Release|Any CPU
		{5C975313-564F-45B7-9223-D59F24CDC8A9}.Release|Any CPU.Build.0 = Release|Any CPU
		{C5AB64F8-0132-4449-982D-EA7EAAEDC3FE}.Debug|Any CPU.ActiveCfg = Debug|Any CPU
		{C5AB64F8-0132-4449-982D-EA7EAAEDC3FE}.Debug|Any CPU.Build.0 = Debug|Any CPU
		{C5AB64F8-0132-4449-982D-EA7EAAEDC3FE}.Release|Any CPU.ActiveCfg = Release|Any CPU
		{C5AB64F8-0132-4449-982D-EA7EAAEDC3FE}.Release|Any CPU.Build.0 = Release|Any CPU
		{C67EB991-2C57-4A61-BB9A-6BA8F9A1020D}.Debug|Any CPU.ActiveCfg = Debug|Any CPU
		{C67EB991-2C57-4A61-BB9A-6BA8F9A1020D}.Debug|Any CPU.Build.0 = Debug|Any CPU
		{C67EB991-2C57-4A61-BB9A-6BA8F9A1020D}.Release|Any CPU.ActiveCfg = Release|Any CPU
		{C67EB991-2C57-4A61-BB9A-6BA8F9A1020D}.Release|Any CPU.Build.0 = Release|Any CPU
	EndGlobalSection
	GlobalSection(SolutionProperties) = preSolution
		HideSolutionNode = FALSE
	EndGlobalSection
	GlobalSection(ExtensibilityGlobals) = postSolution
		SolutionGuid = {FB2B8F1B-47E4-4DBC-98C2-4D4D06C3625F}
	EndGlobalSection
EndGlobal
